
Microsoft Visual Studio Solution File, Format Version 12.00
# Visual Studio 15
VisualStudioVersion = 15.0.27130.2010
MinimumVisualStudioVersion = 10.0.40219.1
Project("{FAE04EC0-301F-11D3-BF4B-00C04F79EFBC}") = "VPShelter.cs", "VPShelter.cs\VPShelter.cs.csproj", "{3B7B9373-9165-4BF5-B096-6D6072771EFF}"
EndProject
Global
	GlobalSection(SolutionConfigurationPlatforms) = preSolution
		Debug|Any CPU = Debug|Any CPU
		Release|Any CPU = Release|Any CPU
	EndGlobalSection
	GlobalSection(ProjectConfigurationPlatforms) = postSolution
		{3B7B9373-9165-4BF5-B096-6D6072771EFF}.Debug|Any CPU.ActiveCfg = Debug|Any CPU
		{3B7B9373-9165-4BF5-B096-6D6072771EFF}.Debug|Any CPU.Build.0 = Debug|Any CPU
		{3B7B9373-9165-4BF5-B096-6D6072771EFF}.Release|Any CPU.ActiveCfg = Release|Any CPU
		{3B7B9373-9165-4BF5-B096-6D6072771EFF}.Release|Any CPU.Build.0 = Release|Any CPU
	EndGlobalSection
	GlobalSection(SolutionProperties) = preSolution
		HideSolutionNode = FALSE
	EndGlobalSection
	GlobalSection(ExtensibilityGlobals) = postSolution
		SolutionGuid = {2A5D0C7C-33C3-47D7-8914-E9B70EE60F7F}
	EndGlobalSection
EndGlobal
